
Microsoft Visual Studio Solution File, Format Version 12.00
# Visual Studio Version 17
VisualStudioVersion = 17.3.32929.385
MinimumVisualStudioVersion = 10.0.40219.1
Project("{FAE04EC0-301F-11D3-BF4B-00C04F79EFBC}") = "MoveMouse", "MoveMouse\MoveMouse.csproj", "{D024B651-2FB8-4021-8345-55C0E713F198}"
EndProject
Global
	GlobalSection(SolutionConfigurationPlatforms) = preSolution
		Debug|Any CPU = Debug|Any CPU
		Release|Any CPU = Release|Any CPU
	EndGlobalSection
	GlobalSection(ProjectConfigurationPlatforms) = postSolution
		{D024B651-2FB8-4021-8345-55C0E713F198}.Debug|Any CPU.ActiveCfg = Debug|Any CPU
		{D024B651-2FB8-4021-8345-55C0E713F198}.Debug|Any CPU.Build.0 = Debug|Any CPU
		{D024B651-2FB8-4021-8345-55C0E713F198}.Release|Any CPU.ActiveCfg = Release|Any CPU
		{D024B651-2FB8-4021-8345-55C0E713F198}.Release|Any CPU.Build.0 = Release|Any CPU
	EndGlobalSection
	GlobalSection(SolutionProperties) = preSolution
		HideSolutionNode = FALSE
	EndGlobalSection
	GlobalSection(ExtensibilityGlobals) = postSolution
		SolutionGuid = {B1C631A4-054A-46CF-899E-C712FD8841BF}
	EndGlobalSection
EndGlobal
